// !$*UTF8*$!
{
	archiveVersion = 1;
	classes = {
	};
	objectVersion = 77;
	objects = {

/* Begin PBXBuildFile section */
		087F28EEB3E7DD1C868B791D /* surah-anam in Resources */ = {isa = PBXBuildFile; fileRef = EEEC0207F880D831C1AF1F48 /* surah-anam */; settings = {ASSET_TAGS = ("surah-anam", ); }; };
		117BCA5D992A149709F43964 /* surah-maida in Resources */ = {isa = PBXBuildFile; fileRef = 14365B6A7CEDCD20234BE327 /* surah-maida */; settings = {ASSET_TAGS = ("surah-maida", ); }; };
		280599F6738F2CA4D46635F6 /* kisa in Resources */ = {isa = PBXBuildFile; fileRef = 21F1320F4D245EC85FF9BC8C /* kisa */; settings = {ASSET_TAGS = (kisa, ); }; };
		2AF64CB99F1F78B8D94761CD /* surah-anfal in Resources */ = {isa = PBXBuildFile; fileRef = CEAF4317A091879C014FF969 /* surah-anfal */; settings = {ASSET_TAGS = ("surah-anfal", ); }; };
		2FA8F6F064D700B1296B31C6 /* surah-yusuf in Resources */ = {isa = PBXBuildFile; fileRef = 79A4C8BD45D7B149B4036DC9 /* surah-yusuf */; settings = {ASSET_TAGS = ("surah-yusuf", ); }; };
		34E1AD2A65175B0DA4DB9671 /* salah in Resources */ = {isa = PBXBuildFile; fileRef = 97903BCF5526F457E0A18F87 /* salah */; settings = {ASSET_TAGS = (salah, ); }; };
		357FD7ED796BFD48100E101A /* surah-araf in Resources */ = {isa = PBXBuildFile; fileRef = F2FE8A3A5147915F400089F6 /* surah-araf */; settings = {ASSET_TAGS = ("surah-araf", ); }; };
		5E9E09C4FEF0E4EED2A92B48 /* surah-tawba in Resources */ = {isa = PBXBuildFile; fileRef = 0F33765B7F95BC89809F70BA /* surah-tawba */; settings = {ASSET_TAGS = ("surah-tawba", ); }; };
		73412EC52E42B89100AE42D0 /* Supabase in Frameworks */ = {isa = PBXBuildFile; productRef = 73E0BC202E3D3ABB00E517DE /* Supabase */; };
		A30662D8B15B73F4C851ECB5 /* shukr in Resources */ = {isa = PBXBuildFile; fileRef = D316723732B68BCD40B85DA4 /* shukr */; settings = {ASSET_TAGS = (shukr, ); }; };
		A6FE4B681666F6FD328A825E /* taqwa in Resources */ = {isa = PBXBuildFile; fileRef = 80AC097A5A450386DA434B54 /* taqwa */; settings = {ASSET_TAGS = (taqwa, ); }; };
		A707B901CBAC3AEFB0B1D060 /* surah-hud in Resources */ = {isa = PBXBuildFile; fileRef = D6A17731E5108CA731268AC7 /* surah-hud */; settings = {ASSET_TAGS = ("surah-hud", ); }; };
		AD4A20260000000000000001 /* Adhan in Frameworks */ = {isa = PBXBuildFile; productRef = AD4A20260000000000000004 /* Adhan */; };
		AD4A20260000000000000002 /* Adhan in Frameworks */ = {isa = PBXBuildFile; productRef = AD4A20260000000000000005 /* Adhan */; };
		B7AFCF9AD2D32DA2DCA4E5F9 /* sabr in Resources */ = {isa = PBXBuildFile; fileRef = 83504AF8A948101A1F8F46C6 /* sabr */; settings = {ASSET_TAGS = (sabr, ); }; };
		BB84768BD0C5F6622ABE24B2 /* ikhlas in Resources */ = {isa = PBXBuildFile; fileRef = C4F1DB208DFB68E38FBA18C4 /* ikhlas */; settings = {ASSET_TAGS = (ikhlas, ); }; };
		CD19C69D302B97EB005B40C7 /* WidgetKit.framework in Frameworks */ = {isa = PBXBuildFile; fileRef = CD19C69C302B97EB005B40C7 /* WidgetKit.framework */; };
		CD19C69F302B97EB005B40C7 /* SwiftUI.framework in Frameworks */ = {isa = PBXBuildFile; fileRef = CD19C69E302B97EB005B40C7 /* SwiftUI.framework */; };
		CD19C6AE302B97EC005B40C7 /* ThaqalaynWidgetsExtension.appex in Embed Foundation Extensions */ = {isa = PBXBuildFile; fileRef = CD19C69A302B97EB005B40C7 /* ThaqalaynWidgetsExtension.appex */; settings = {ATTRIBUTES = (RemoveHeadersOnCopy, ); }; };
		E847A6330F1054B8ADA4B22F /* surah-nisa in Resources */ = {isa = PBXBuildFile; fileRef = F4C996A350081C1C86DD75FE /* surah-nisa */; settings = {ASSET_TAGS = ("surah-nisa", ); }; };
		E8DAF3BFCFCA6C6E52B92389 /* surah-yunus in Resources */ = {isa = PBXBuildFile; fileRef = FDA205C2D34989CF97D75433 /* surah-yunus */; settings = {ASSET_TAGS = ("surah-yunus", ); }; };
		ECAD9089E72DE2289A1FC668 /* surah-ali-imran in Resources */ = {isa = PBXBuildFile; fileRef = 4EFA2E2FFD069F95B4624EF1 /* surah-ali-imran */; settings = {ASSET_TAGS = ("surah-ali-imran", ); }; };
		EF947106BAD372181B83693A /* surah-baqara in Resources */ = {isa = PBXBuildFile; fileRef = CE09E1E1B4FC1749B2A4F84E /* surah-baqara */; settings = {ASSET_TAGS = ("surah-baqara", ); }; };
		F96D36F09275B3F75ACC601A /* surah-rad in Resources */ = {isa = PBXBuildFile; fileRef = 704FC71D618288456987B7B3 /* surah-rad */; settings = {ASSET_TAGS = ("surah-rad", ); }; };
/* End PBXBuildFile section */

/* Begin PBXContainerItemProxy section */
		CD19C6AC302B97EC005B40C7 /* PBXContainerItemProxy */ = {
			isa = PBXContainerItemProxy;
			containerPortal = 73E0BC072E3D3AB900E517DE /* Project object */;
			proxyType = 1;
			remoteGlobalIDString = CD19C699302B97EB005B40C7;
			remoteInfo = ThaqalaynWidgetsExtension;
		};
		CD19C6BC302B9826005B40C7 /* PBXContainerItemProxy */ = {
			isa = PBXContainerItemProxy;
			containerPortal = 73E0BC072E3D3AB900E517DE /* Project object */;
			proxyType = 1;
			remoteGlobalIDString = 73E0BC0E2E3D3AB900E517DE;
			remoteInfo = Thaqalayn;
		};
/* End PBXContainerItemProxy section */

/* Begin PBXCopyFilesBuildPhase section */
		CD19C6B3302B97EC005B40C7 /* Embed Foundation Extensions */ = {
			isa = PBXCopyFilesBuildPhase;
			buildActionMask = 2147483647;
			dstPath = "";
			dstSubfolderSpec = 13;
			files = (
				CD19C6AE302B97EC005B40C7 /* ThaqalaynWidgetsExtension.appex in Embed Foundation Extensions */,
			);
			name = "Embed Foundation Extensions";
			runOnlyForDeploymentPostprocessing = 0;
		};
/* End PBXCopyFilesBuildPhase section */

/* Begin PBXFileReference section */
		0F33765B7F95BC89809F70BA /* surah-tawba */ = {isa = PBXFileReference; lastKnownFileType = folder; path = "surah-tawba"; sourceTree = "<group>"; };
		14365B6A7CEDCD20234BE327 /* surah-maida */ = {isa = PBXFileReference; lastKnownFileType = folder; path = "surah-maida"; sourceTree = "<group>"; };
		21F1320F4D245EC85FF9BC8C /* kisa */ = {isa = PBXFileReference; lastKnownFileType = folder; path = kisa; sourceTree = "<group>"; };
		4EFA2E2FFD069F95B4624EF1 /* surah-ali-imran */ = {isa = PBXFileReference; lastKnownFileType = folder; path = "surah-ali-imran"; sourceTree = "<group>"; };
		704FC71D618288456987B7B3 /* surah-rad */ = {isa = PBXFileReference; lastKnownFileType = folder; path = "surah-rad"; sourceTree = "<group>"; };
		73E0BC0F2E3D3AB900E517DE /* Thaqalayn.app */ = {isa = PBXFileReference; explicitFileType = wrapper.application; includeInIndex = 0; path = Thaqalayn.app; sourceTree = BUILT_PRODUCTS_DIR; };
		79A4C8BD45D7B149B4036DC9 /* surah-yusuf */ = {isa = PBXFileReference; lastKnownFileType = folder; path = "surah-yusuf"; sourceTree = "<group>"; };
		80AC097A5A450386DA434B54 /* taqwa */ = {isa = PBXFileReference; lastKnownFileType = folder; path = taqwa; sourceTree = "<group>"; };
		83504AF8A948101A1F8F46C6 /* sabr */ = {isa = PBXFileReference; lastKnownFileType = folder; path = sabr; sourceTree = "<group>"; };
		97903BCF5526F457E0A18F87 /* salah */ = {isa = PBXFileReference; lastKnownFileType = folder; path = salah; sourceTree = "<group>"; };
		C4F1DB208DFB68E38FBA18C4 /* ikhlas */ = {isa = PBXFileReference; lastKnownFileType = folder; path = ikhlas; sourceTree = "<group>"; };
		CD19C69A302B97EB005B40C7 /* ThaqalaynWidgetsExtension.appex */ = {isa = PBXFileReference; explicitFileType = "wrapper.app-extension"; includeInIndex = 0; path = ThaqalaynWidgetsExtension.appex; sourceTree = BUILT_PRODUCTS_DIR; };
		CD19C69C302B97EB005B40C7 /* WidgetKit.framework */ = {isa = PBXFileReference; lastKnownFileType = wrapper.framework; name = WidgetKit.framework; path = System/Library/Frameworks/WidgetKit.framework; sourceTree = SDKROOT; };
		CD19C69E302B97EB005B40C7 /* SwiftUI.framework */ = {isa = PBXFileReference; lastKnownFileType = wrapper.framework; name = SwiftUI.framework; path = System/Library/Frameworks/SwiftUI.framework; sourceTree = SDKROOT; };
		CD19C6B8302B9826005B40C7 /* ThaqalaynTests.xctest */ = {isa = PBXFileReference; explicitFileType = wrapper.cfbundle; includeInIndex = 0; path = ThaqalaynTests.xctest; sourceTree = BUILT_PRODUCTS_DIR; };
		CE09E1E1B4FC1749B2A4F84E /* surah-baqara */ = {isa = PBXFileReference; lastKnownFileType = folder; path = "surah-baqara"; sourceTree = "<group>"; };
		CEAF4317A091879C014FF969 /* surah-anfal */ = {isa = PBXFileReference; lastKnownFileType = folder; path = "surah-anfal"; sourceTree = "<group>"; };
		D316723732B68BCD40B85DA4 /* shukr */ = {isa = PBXFileReference; lastKnownFileType = folder; path = shukr; sourceTree = "<group>"; };
		D6A17731E5108CA731268AC7 /* surah-hud */ = {isa = PBXFileReference; lastKnownFileType = folder; path = "surah-hud"; sourceTree = "<group>"; };
		EEEC0207F880D831C1AF1F48 /* surah-anam */ = {isa = PBXFileReference; lastKnownFileType = folder; path = "surah-anam"; sourceTree = "<group>"; };
		F2FE8A3A5147915F400089F6 /* surah-araf */ = {isa = PBXFileReference; lastKnownFileType = folder; path = "surah-araf"; sourceTree = "<group>"; };
		F4C996A350081C1C86DD75FE /* surah-nisa */ = {isa = PBXFileReference; lastKnownFileType = folder; path = "surah-nisa"; sourceTree = "<group>"; };
		FDA205C2D34989CF97D75433 /* surah-yunus */ = {isa = PBXFileReference; lastKnownFileType = folder; path = "surah-yunus"; sourceTree = "<group>"; };
/* End PBXFileReference section */

/* Begin PBXFileSystemSynchronizedBuildFileExceptionSet section */
		73412EEE2E42B8BC00AE42D0 /* Exceptions for "Thaqalayn" folder in "Thaqalayn" target */ = {
			isa = PBXFileSystemSynchronizedBuildFileExceptionSet;
			membershipExceptions = (
				Data/salah_lines.json,
				Data/widget_daily.json,
				Info.plist,
			);
			target = 73E0BC0E2E3D3AB900E517DE /* Thaqalayn */;
		};
		CD19C6B2302B97EC005B40C7 /* Exceptions for "ThaqalaynWidgets" folder in "ThaqalaynWidgetsExtension" target */ = {
			isa = PBXFileSystemSynchronizedBuildFileExceptionSet;
			membershipExceptions = (
				Info.plist,
			);
			target = CD19C699302B97EB005B40C7 /* ThaqalaynWidgetsExtension */;
		};
		CD19F9D7302B9AD6005B40C7 /* Exceptions for "Thaqalayn" folder in "ThaqalaynWidgetsExtension" target */ = {
			isa = PBXFileSystemSynchronizedBuildFileExceptionSet;
			membershipExceptions = (
				Data/daily_verses.json,
				Data/salah_lines.json,
				Data/widget_daily.json,
				Shared/DailyVerseCore.swift,
				Shared/PrayerTimesEngine.swift,
				Shared/WidgetLocationStore.swift,
				Shared/WidgetScheduleBuilder.swift,
			);
			target = CD19C699302B97EB005B40C7 /* ThaqalaynWidgetsExtension */;
		};
/* End PBXFileSystemSynchronizedBuildFileExceptionSet section */

/* Begin PBXFileSystemSynchronizedRootGroup section */
		73E0BC112E3D3AB900E517DE /* Thaqalayn */ = {
			isa = PBXFileSystemSynchronizedRootGroup;
			exceptions = (
				73412EEE2E42B8BC00AE42D0 /* Exceptions for "Thaqalayn" folder in "Thaqalayn" target */,
				CD19F9D7302B9AD6005B40C7 /* Exceptions for "Thaqalayn" folder in "ThaqalaynWidgetsExtension" target */,
			);
			path = Thaqalayn;
			sourceTree = "<group>";
		};
		CD19C6A0302B97EB005B40C7 /* ThaqalaynWidgets */ = {
			isa = PBXFileSystemSynchronizedRootGroup;
			exceptions = (
				CD19C6B2302B97EC005B40C7 /* Exceptions for "ThaqalaynWidgets" folder in "ThaqalaynWidgetsExtension" target */,
			);
			path = ThaqalaynWidgets;
			sourceTree = "<group>";
		};
		CD19C6B9302B9826005B40C7 /* ThaqalaynTests */ = {
			isa = PBXFileSystemSynchronizedRootGroup;
			path = ThaqalaynTests;
			sourceTree = "<group>";
		};
/* End PBXFileSystemSynchronizedRootGroup section */

/* Begin PBXFrameworksBuildPhase section */
		73E0BC0C2E3D3AB900E517DE /* Frameworks */ = {
			isa = PBXFrameworksBuildPhase;
			buildActionMask = 2147483647;
			files = (
				73412EC52E42B89100AE42D0 /* Supabase in Frameworks */,
				AD4A20260000000000000001 /* Adhan in Frameworks */,
			);
			runOnlyForDeploymentPostprocessing = 0;
		};
		CD19C697302B97EB005B40C7 /* Frameworks */ = {
			isa = PBXFrameworksBuildPhase;
			buildActionMask = 2147483647;
			files = (
				CD19C69F302B97EB005B40C7 /* SwiftUI.framework in Frameworks */,
				CD19C69D302B97EB005B40C7 /* WidgetKit.framework in Frameworks */,
				AD4A20260000000000000002 /* Adhan in Frameworks */,
			);
			runOnlyForDeploymentPostprocessing = 0;
		};
		CD19C6B5302B9826005B40C7 /* Frameworks */ = {
			isa = PBXFrameworksBuildPhase;
			buildActionMask = 2147483647;
			files = (
			);
			runOnlyForDeploymentPostprocessing = 0;
		};
/* End PBXFrameworksBuildPhase section */

/* Begin PBXGroup section */
		73E0BC062E3D3AB900E517DE = {
			isa = PBXGroup;
			children = (
				EAA060CE4CA3920CB671D84A /* OnDemandAudio */,
				73E0BC112E3D3AB900E517DE /* Thaqalayn */,
				CD19C6A0302B97EB005B40C7 /* ThaqalaynWidgets */,
				CD19C6B9302B9826005B40C7 /* ThaqalaynTests */,
				CD19C69B302B97EB005B40C7 /* Frameworks */,
				73E0BC102E3D3AB900E517DE /* Products */,
			);
			sourceTree = "<group>";
		};
		73E0BC102E3D3AB900E517DE /* Products */ = {
			isa = PBXGroup;
			children = (
				73E0BC0F2E3D3AB900E517DE /* Thaqalayn.app */,
				CD19C69A302B97EB005B40C7 /* ThaqalaynWidgetsExtension.appex */,
				CD19C6B8302B9826005B40C7 /* ThaqalaynTests.xctest */,
			);
			name = Products;
			sourceTree = "<group>";
		};
		CD19C69B302B97EB005B40C7 /* Frameworks */ = {
			isa = PBXGroup;
			children = (
				CD19C69C302B97EB005B40C7 /* WidgetKit.framework */,
				CD19C69E302B97EB005B40C7 /* SwiftUI.framework */,
			);
			name = Frameworks;
			sourceTree = "<group>";
		};
		EAA060CE4CA3920CB671D84A /* OnDemandAudio */ = {
			isa = PBXGroup;
			children = (
				C4F1DB208DFB68E38FBA18C4 /* ikhlas */,
				21F1320F4D245EC85FF9BC8C /* kisa */,
				83504AF8A948101A1F8F46C6 /* sabr */,
				97903BCF5526F457E0A18F87 /* salah */,
				D316723732B68BCD40B85DA4 /* shukr */,
				4EFA2E2FFD069F95B4624EF1 /* surah-ali-imran */,
				EEEC0207F880D831C1AF1F48 /* surah-anam */,
				CEAF4317A091879C014FF969 /* surah-anfal */,
				F2FE8A3A5147915F400089F6 /* surah-araf */,
				CE09E1E1B4FC1749B2A4F84E /* surah-baqara */,
				D6A17731E5108CA731268AC7 /* surah-hud */,
				14365B6A7CEDCD20234BE327 /* surah-maida */,
				F4C996A350081C1C86DD75FE /* surah-nisa */,
				704FC71D618288456987B7B3 /* surah-rad */,
				0F33765B7F95BC89809F70BA /* surah-tawba */,
				FDA205C2D34989CF97D75433 /* surah-yunus */,
				79A4C8BD45D7B149B4036DC9 /* surah-yusuf */,
				80AC097A5A450386DA434B54 /* taqwa */,
			);
			path = OnDemandAudio;
			sourceTree = "<group>";
		};
/* End PBXGroup section */

/* Begin PBXNativeTarget section */
		73E0BC0E2E3D3AB900E517DE /* Thaqalayn */ = {
			isa = PBXNativeTarget;
			buildConfigurationList = 73E0BC1D2E3D3ABB00E517DE /* Build configuration list for PBXNativeTarget "Thaqalayn" */;
			buildPhases = (
				73E0BC0B2E3D3AB900E517DE /* Sources */,
				73E0BC0C2E3D3AB900E517DE /* Frameworks */,
				73E0BC0D2E3D3AB900E517DE /* Resources */,
				CD19C6B3302B97EC005B40C7 /* Embed Foundation Extensions */,
			);
			buildRules = (
			);
			dependencies = (
				CD19C6AD302B97EC005B40C7 /* PBXTargetDependency */,
			);
			fileSystemSynchronizedGroups = (
				73E0BC112E3D3AB900E517DE /* Thaqalayn */,
			);
			name = Thaqalayn;
			packageProductDependencies = (
				73E0BC202E3D3ABB00E517DE /* Supabase */,
				AD4A20260000000000000004 /* Adhan */,
			);
			productName = Thaqalayn;
			productReference = 73E0BC0F2E3D3AB900E517DE /* Thaqalayn.app */;
			productType = "com.apple.product-type.application";
		};
		CD19C699302B97EB005B40C7 /* ThaqalaynWidgetsExtension */ = {
			isa = PBXNativeTarget;
			buildConfigurationList = CD19C6AF302B97EC005B40C7 /* Build configuration list for PBXNativeTarget "ThaqalaynWidgetsExtension" */;
			buildPhases = (
				AD4A20260000000000000007 /* Generate Widget Daily Content */,
				CD19C696302B97EB005B40C7 /* Sources */,
				CD19C697302B97EB005B40C7 /* Frameworks */,
				CD19C698302B97EB005B40C7 /* Resources */,
			);
			buildRules = (
			);
			dependencies = (
			);
			fileSystemSynchronizedGroups = (
				CD19C6A0302B97EB005B40C7 /* ThaqalaynWidgets */,
			);
			name = ThaqalaynWidgetsExtension;
			packageProductDependencies = (
				AD4A20260000000000000005 /* Adhan */,
			);
			productName = ThaqalaynWidgetsExtension;
			productReference = CD19C69A302B97EB005B40C7 /* ThaqalaynWidgetsExtension.appex */;
			productType = "com.apple.product-type.app-extension";
		};
		CD19C6B7302B9826005B40C7 /* ThaqalaynTests */ = {
			isa = PBXNativeTarget;
			buildConfigurationList = CD19C6BE302B9826005B40C7 /* Build configuration list for PBXNativeTarget "ThaqalaynTests" */;
			buildPhases = (
				CD19C6B4302B9826005B40C7 /* Sources */,
				CD19C6B5302B9826005B40C7 /* Frameworks */,
				CD19C6B6302B9826005B40C7 /* Resources */,
			);
			buildRules = (
			);
			dependencies = (
				CD19C6BD302B9826005B40C7 /* PBXTargetDependency */,
			);
			fileSystemSynchronizedGroups = (
				CD19C6B9302B9826005B40C7 /* ThaqalaynTests */,
			);
			name = ThaqalaynTests;
			packageProductDependencies = (
			);
			productName = ThaqalaynTests;
			productReference = CD19C6B8302B9826005B40C7 /* ThaqalaynTests.xctest */;
			productType = "com.apple.product-type.bundle.unit-test";
		};
/* End PBXNativeTarget section */

/* Begin PBXProject section */
		73E0BC072E3D3AB900E517DE /* Project object */ = {
			isa = PBXProject;
			attributes = {
				BuildIndependentTargetsInParallel = 1;
				LastSwiftUpdateCheck = 2650;
				LastUpgradeCheck = 1620;
				TargetAttributes = {
					73E0BC0E2E3D3AB900E517DE = {
						CreatedOnToolsVersion = 16.2;
					};
					CD19C699302B97EB005B40C7 = {
						CreatedOnToolsVersion = 26.5;
					};
					CD19C6B7302B9826005B40C7 = {
						CreatedOnToolsVersion = 26.5;
						TestTargetID = 73E0BC0E2E3D3AB900E517DE;
					};
				};
			};
			buildConfigurationList = 73E0BC0A2E3D3AB900E517DE /* Build configuration list for PBXProject "Thaqalayn" */;
			developmentRegion = en;
			hasScannedForEncodings = 0;
			knownRegions = (
				en,
				Base,
			);
			mainGroup = 73E0BC062E3D3AB900E517DE;
			minimizedProjectReferenceProxies = 1;
			packageReferences = (
				73E0BC212E3D3ABB00E517DE /* XCRemoteSwiftPackageReference "supabase-swift" */,
				AD4A20260000000000000003 /* XCRemoteSwiftPackageReference "adhan-swift" */,
			);
			preferredProjectObjectVersion = 77;
			productRefGroup = 73E0BC102E3D3AB900E517DE /* Products */;
			projectDirPath = "";
			projectRoot = "";
			targets = (
				73E0BC0E2E3D3AB900E517DE /* Thaqalayn */,
				CD19C699302B97EB005B40C7 /* ThaqalaynWidgetsExtension */,
				CD19C6B7302B9826005B40C7 /* ThaqalaynTests */,
			);
		};
/* End PBXProject section */

/* Begin PBXResourcesBuildPhase section */
		73E0BC0D2E3D3AB900E517DE /* Resources */ = {
			isa = PBXResourcesBuildPhase;
			buildActionMask = 2147483647;
			files = (
				BB84768BD0C5F6622ABE24B2 /* ikhlas in Resources */,
				280599F6738F2CA4D46635F6 /* kisa in Resources */,
				B7AFCF9AD2D32DA2DCA4E5F9 /* sabr in Resources */,
				34E1AD2A65175B0DA4DB9671 /* salah in Resources */,
				A30662D8B15B73F4C851ECB5 /* shukr in Resources */,
				ECAD9089E72DE2289A1FC668 /* surah-ali-imran in Resources */,
				087F28EEB3E7DD1C868B791D /* surah-anam in Resources */,
				2AF64CB99F1F78B8D94761CD /* surah-anfal in Resources */,
				357FD7ED796BFD48100E101A /* surah-araf in Resources */,
				EF947106BAD372181B83693A /* surah-baqara in Resources */,
				A707B901CBAC3AEFB0B1D060 /* surah-hud in Resources */,
				117BCA5D992A149709F43964 /* surah-maida in Resources */,
				E847A6330F1054B8ADA4B22F /* surah-nisa in Resources */,
				F96D36F09275B3F75ACC601A /* surah-rad in Resources */,
				5E9E09C4FEF0E4EED2A92B48 /* surah-tawba in Resources */,
				E8DAF3BFCFCA6C6E52B92389 /* surah-yunus in Resources */,
				2FA8F6F064D700B1296B31C6 /* surah-yusuf in Resources */,
				A6FE4B681666F6FD328A825E /* taqwa in Resources */,
			);
			runOnlyForDeploymentPostprocessing = 0;
		};
		CD19C698302B97EB005B40C7 /* Resources */ = {
			isa = PBXResourcesBuildPhase;
			buildActionMask = 2147483647;
			files = (
			);
			runOnlyForDeploymentPostprocessing = 0;
		};
		CD19C6B6302B9826005B40C7 /* Resources */ = {
			isa = PBXResourcesBuildPhase;
			buildActionMask = 2147483647;
			files = (
			);
			runOnlyForDeploymentPostprocessing = 0;
		};
/* End PBXResourcesBuildPhase section */

/* Begin PBXShellScriptBuildPhase section */
		AD4A20260000000000000007 /* Generate Widget Daily Content */ = {
			isa = PBXShellScriptBuildPhase;
			alwaysOutOfDate = 1;
			buildActionMask = 2147483647;
			files = (
			);
			inputFileListPaths = (
			);
			inputPaths = (
			);
			name = "Generate Widget Daily Content";
			outputFileListPaths = (
			);
			outputPaths = (
			);
			runOnlyForDeploymentPostprocessing = 0;
			shellPath = /bin/sh;
			shellScript = "# Re-hydrate widget_daily.json from the catalogs, tafsir and daily pool on\n# every build, so new journeys and deep dives reach the widget automatically.\n# --require-full: a new journey/dive/verse WITHOUT authored widget reflections\n# fails the build loudly (delta workflow: make_reflection_batches.py --missing-only).\ncd \"$SRCROOT\"\n/usr/bin/python3 scripts/generate_widget_daily.py --require-full\n";
		};
/* End PBXShellScriptBuildPhase section */

/* Begin PBXSourcesBuildPhase section */
		73E0BC0B2E3D3AB900E517DE /* Sources */ = {
			isa = PBXSourcesBuildPhase;
			buildActionMask = 2147483647;
			files = (
			);
			runOnlyForDeploymentPostprocessing = 0;
		};
		CD19C696302B97EB005B40C7 /* Sources */ = {
			isa = PBXSourcesBuildPhase;
			buildActionMask = 2147483647;
			files = (
			);
			runOnlyForDeploymentPostprocessing = 0;
		};
		CD19C6B4302B9826005B40C7 /* Sources */ = {
			isa = PBXSourcesBuildPhase;
			buildActionMask = 2147483647;
			files = (
			);
			runOnlyForDeploymentPostprocessing = 0;
		};
/* End PBXSourcesBuildPhase section */

/* Begin PBXTargetDependency section */
		CD19C6AD302B97EC005B40C7 /* PBXTargetDependency */ = {
			isa = PBXTargetDependency;
			target = CD19C699302B97EB005B40C7 /* ThaqalaynWidgetsExtension */;
			targetProxy = CD19C6AC302B97EC005B40C7 /* PBXContainerItemProxy */;
		};
		CD19C6BD302B9826005B40C7 /* PBXTargetDependency */ = {
			isa = PBXTargetDependency;
			target = 73E0BC0E2E3D3AB900E517DE /* Thaqalayn */;
			targetProxy = CD19C6BC302B9826005B40C7 /* PBXContainerItemProxy */;
		};
/* End PBXTargetDependency section */

/* Begin XCBuildConfiguration section */
		73E0BC1B2E3D3ABB00E517DE /* Debug */ = {
			isa = XCBuildConfiguration;
			buildSettings = {
				ALWAYS_SEARCH_USER_PATHS = NO;
				ASSETCATALOG_COMPILER_GENERATE_SWIFT_ASSET_SYMBOL_EXTENSIONS = YES;
				CLANG_ANALYZER_NONNULL = YES;
				CLANG_ANALYZER_NUMBER_OBJECT_CONVERSION = YES_AGGRESSIVE;
				CLANG_CXX_LANGUAGE_STANDARD = "gnu++20";
				CLANG_ENABLE_MODULES = YES;
				CLANG_ENABLE_OBJC_ARC = YES;
				CLANG_ENABLE_OBJC_WEAK = YES;
				CLANG_WARN_BLOCK_CAPTURE_AUTORELEASING = YES;
				CLANG_WARN_BOOL_CONVERSION = YES;
				CLANG_WARN_COMMA = YES;
				CLANG_WARN_CONSTANT_CONVERSION = YES;
				CLANG_WARN_DEPRECATED_OBJC_IMPLEMENTATIONS = YES;
				CLANG_WARN_DIRECT_OBJC_ISA_USAGE = YES_ERROR;
				CLANG_WARN_DOCUMENTATION_COMMENTS = YES;
				CLANG_WARN_EMPTY_BODY = YES;
				CLANG_WARN_ENUM_CONVERSION = YES;
				CLANG_WARN_INFINITE_RECURSION = YES;
				CLANG_WARN_INT_CONVERSION = YES;
				CLANG_WARN_NON_LITERAL_NULL_CONVERSION = YES;
				CLANG_WARN_OBJC_IMPLICIT_RETAIN_SELF = YES;
				CLANG_WARN_OBJC_LITERAL_CONVERSION = YES;
				CLANG_WARN_OBJC_ROOT_CLASS = YES_ERROR;
				CLANG_WARN_QUOTED_INCLUDE_IN_FRAMEWORK_HEADER = YES;
				CLANG_WARN_RANGE_LOOP_ANALYSIS = YES;
				CLANG_WARN_STRICT_PROTOTYPES = YES;
				CLANG_WARN_SUSPICIOUS_MOVE = YES;
				CLANG_WARN_UNGUARDED_AVAILABILITY = YES_AGGRESSIVE;
				CLANG_WARN_UNREACHABLE_CODE = YES;
				CLANG_WARN__DUPLICATE_METHOD_MATCH = YES;
				COPY_PHASE_STRIP = NO;
				DEBUG_INFORMATION_FORMAT = dwarf;
				ENABLE_STRICT_OBJC_MSGSEND = YES;
				ENABLE_TESTABILITY = YES;
				ENABLE_USER_SCRIPT_SANDBOXING = YES;
				GCC_C_LANGUAGE_STANDARD = gnu17;
				GCC_DYNAMIC_NO_PIC = NO;
				GCC_NO_COMMON_BLOCKS = YES;
				GCC_OPTIMIZATION_LEVEL = 0;
				GCC_PREPROCESSOR_DEFINITIONS = (
					"DEBUG=1",
					"$(inherited)",
				);
				GCC_WARN_64_TO_32_BIT_CONVERSION = YES;
				GCC_WARN_ABOUT_RETURN_TYPE = YES_ERROR;
				GCC_WARN_UNDECLARED_SELECTOR = YES;
				GCC_WARN_UNINITIALIZED_AUTOS = YES_AGGRESSIVE;
				GCC_WARN_UNUSED_FUNCTION = YES;
				GCC_WARN_UNUSED_VARIABLE = YES;
				IPHONEOS_DEPLOYMENT_TARGET = 18.2;
				LOCALIZATION_PREFERS_STRING_CATALOGS = YES;
				MTL_ENABLE_DEBUG_INFO = INCLUDE_SOURCE;
				MTL_FAST_MATH = YES;
				ONLY_ACTIVE_ARCH = YES;
				SDKROOT = iphoneos;
				SWIFT_ACTIVE_COMPILATION_CONDITIONS = "DEBUG $(inherited)";
				SWIFT_OPTIMIZATION_LEVEL = "-Onone";
			};
			name = Debug;
		};
		73E0BC1C2E3D3ABB00E517DE /* Release */ = {
			isa = XCBuildConfiguration;
			buildSettings = {
				ALWAYS_SEARCH_USER_PATHS = NO;
				ASSETCATALOG_COMPILER_GENERATE_SWIFT_ASSET_SYMBOL_EXTENSIONS = YES;
				CLANG_ANALYZER_NONNULL = YES;
				CLANG_ANALYZER_NUMBER_OBJECT_CONVERSION = YES_AGGRESSIVE;
				CLANG_CXX_LANGUAGE_STANDARD = "gnu++20";
				CLANG_ENABLE_MODULES = YES;
				CLANG_ENABLE_OBJC_ARC = YES;
				CLANG_ENABLE_OBJC_WEAK = YES;
				CLANG_WARN_BLOCK_CAPTURE_AUTORELEASING = YES;
				CLANG_WARN_BOOL_CONVERSION = YES;
				CLANG_WARN_COMMA = YES;
				CLANG_WARN_CONSTANT_CONVERSION = YES;
				CLANG_WARN_DEPRECATED_OBJC_IMPLEMENTATIONS = YES;
				CLANG_WARN_DIRECT_OBJC_ISA_USAGE = YES_ERROR;
				CLANG_WARN_DOCUMENTATION_COMMENTS = YES;
				CLANG_WARN_EMPTY_BODY = YES;
				CLANG_WARN_ENUM_CONVERSION = YES;
				CLANG_WARN_INFINITE_RECURSION = YES;
				CLANG_WARN_INT_CONVERSION = YES;
				CLANG_WARN_NON_LITERAL_NULL_CONVERSION = YES;
				CLANG_WARN_OBJC_IMPLICIT_RETAIN_SELF = YES;
				CLANG_WARN_OBJC_LITERAL_CONVERSION = YES;
				CLANG_WARN_OBJC_ROOT_CLASS = YES_ERROR;
				CLANG_WARN_QUOTED_INCLUDE_IN_FRAMEWORK_HEADER = YES;
				CLANG_WARN_RANGE_LOOP_ANALYSIS = YES;
				CLANG_WARN_STRICT_PROTOTYPES = YES;
				CLANG_WARN_SUSPICIOUS_MOVE = YES;
				CLANG_WARN_UNGUARDED_AVAILABILITY = YES_AGGRESSIVE;
				CLANG_WARN_UNREACHABLE_CODE = YES;
				CLANG_WARN__DUPLICATE_METHOD_MATCH = YES;
				COPY_PHASE_STRIP = NO;
				DEBUG_INFORMATION_FORMAT = "dwarf-with-dsym";
				ENABLE_NS_ASSERTIONS = NO;
				ENABLE_STRICT_OBJC_MSGSEND = YES;
				ENABLE_USER_SCRIPT_SANDBOXING = YES;
				GCC_C_LANGUAGE_STANDARD = gnu17;
				GCC_NO_COMMON_BLOCKS = YES;
				GCC_WARN_64_TO_32_BIT_CONVERSION = YES;
				GCC_WARN_ABOUT_RETURN_TYPE = YES_ERROR;
				GCC_WARN_UNDECLARED_SELECTOR = YES;
				GCC_WARN_UNINITIALIZED_AUTOS = YES_AGGRESSIVE;
				GCC_WARN_UNUSED_FUNCTION = YES;
				GCC_WARN_UNUSED_VARIABLE = YES;
				IPHONEOS_DEPLOYMENT_TARGET = 18.2;
				LOCALIZATION_PREFERS_STRING_CATALOGS = YES;
				MTL_ENABLE_DEBUG_INFO = NO;
				MTL_FAST_MATH = YES;
				SDKROOT = iphoneos;
				SWIFT_COMPILATION_MODE = wholemodule;
				VALIDATE_PRODUCT = YES;
			};
			name = Release;
		};
		73E0BC1E2E3D3ABB00E517DE /* Debug */ = {
			isa = XCBuildConfiguration;
			buildSettings = {
				ASSETCATALOG_COMPILER_APPICON_NAME = AppIcon;
				ASSETCATALOG_COMPILER_GLOBAL_ACCENT_COLOR_NAME = AccentColor;
				CODE_SIGN_ENTITLEMENTS = Thaqalayn/Thaqalayn.entitlements;
				CODE_SIGN_IDENTITY = "Apple Development";
				CODE_SIGN_STYLE = Automatic;
				CURRENT_PROJECT_VERSION = 105;
				DEVELOPMENT_ASSET_PATHS = "\"Thaqalayn/Preview Content\"";
				DEVELOPMENT_TEAM = 2J2GCJ25MK;
				ENABLE_PREVIEWS = YES;
				GENERATE_INFOPLIST_FILE = YES;
				INFOPLIST_FILE = Thaqalayn/Info.plist;
				INFOPLIST_KEY_UIApplicationSceneManifest_Generation = YES;
				INFOPLIST_KEY_UIApplicationSupportsIndirectInputEvents = YES;
				INFOPLIST_KEY_UILaunchScreen_Generation = YES;
				INFOPLIST_KEY_UISupportedInterfaceOrientations_iPad = "UIInterfaceOrientationPortrait UIInterfaceOrientationPortraitUpsideDown UIInterfaceOrientationLandscapeLeft UIInterfaceOrientationLandscapeRight";
				INFOPLIST_KEY_UISupportedInterfaceOrientations_iPhone = "UIInterfaceOrientationPortrait UIInterfaceOrientationLandscapeLeft UIInterfaceOrientationLandscapeRight";
				LD_RUNPATH_SEARCH_PATHS = (
					"$(inherited)",
					"@executable_path/Frameworks",
				);
				MARKETING_VERSION = 8.5;
				PRODUCT_BUNDLE_IDENTIFIER = MAHR.Partner.Thaqalayn;
				PRODUCT_NAME = "$(TARGET_NAME)";
				PROVISIONING_PROFILE_SPECIFIER = "";
				SWIFT_EMIT_LOC_STRINGS = YES;
				SWIFT_VERSION = 5.0;
				TARGETED_DEVICE_FAMILY = "1,2";
			};
			name = Debug;
		};
		73E0BC1F2E3D3ABB00E517DE /* Release */ = {
			isa = XCBuildConfiguration;
			buildSettings = {
				ASSETCATALOG_COMPILER_APPICON_NAME = AppIcon;
				ASSETCATALOG_COMPILER_GLOBAL_ACCENT_COLOR_NAME = AccentColor;
				CODE_SIGN_ENTITLEMENTS = Thaqalayn/Thaqalayn.entitlements;
				CODE_SIGN_IDENTITY = "Apple Development";
				CODE_SIGN_STYLE = Automatic;
				CURRENT_PROJECT_VERSION = 105;
				DEVELOPMENT_ASSET_PATHS = "\"Thaqalayn/Preview Content\"";
				DEVELOPMENT_TEAM = 2J2GCJ25MK;
				ENABLE_PREVIEWS = YES;
				GENERATE_INFOPLIST_FILE = YES;
				INFOPLIST_FILE = Thaqalayn/Info.plist;
				INFOPLIST_KEY_UIApplicationSceneManifest_Generation = YES;
				INFOPLIST_KEY_UIApplicationSupportsIndirectInputEvents = YES;
				INFOPLIST_KEY_UILaunchScreen_Generation = YES;
				INFOPLIST_KEY_UISupportedInterfaceOrientations_iPad = "UIInterfaceOrientationPortrait UIInterfaceOrientationPortraitUpsideDown UIInterfaceOrientationLandscapeLeft UIInterfaceOrientationLandscapeRight";
				INFOPLIST_KEY_UISupportedInterfaceOrientations_iPhone = "UIInterfaceOrientationPortrait UIInterfaceOrientationLandscapeLeft UIInterfaceOrientationLandscapeRight";
				LD_RUNPATH_SEARCH_PATHS = (
					"$(inherited)",
					"@executable_path/Frameworks",
				);
				MARKETING_VERSION = 8.5;
				PRODUCT_BUNDLE_IDENTIFIER = MAHR.Partner.Thaqalayn;
				PRODUCT_NAME = "$(TARGET_NAME)";
				PROVISIONING_PROFILE_SPECIFIER = "";
				SWIFT_EMIT_LOC_STRINGS = YES;
				SWIFT_VERSION = 5.0;
				TARGETED_DEVICE_FAMILY = "1,2";
			};
			name = Release;
		};
		CD19C6B0302B97EC005B40C7 /* Debug */ = {
			isa = XCBuildConfiguration;
			buildSettings = {
				ASSETCATALOG_COMPILER_GLOBAL_ACCENT_COLOR_NAME = AccentColor;
				ASSETCATALOG_COMPILER_WIDGET_BACKGROUND_COLOR_NAME = WidgetBackground;
				CODE_SIGN_ENTITLEMENTS = ThaqalaynWidgets/ThaqalaynWidgetsExtension.entitlements;
				CODE_SIGN_IDENTITY = "Apple Development";
				CODE_SIGN_STYLE = Automatic;
				CURRENT_PROJECT_VERSION = 105;
				DEVELOPMENT_TEAM = 2J2GCJ25MK;
				ENABLE_USER_SCRIPT_SANDBOXING = NO;
				GENERATE_INFOPLIST_FILE = YES;
				INFOPLIST_FILE = ThaqalaynWidgets/Info.plist;
				INFOPLIST_KEY_CFBundleDisplayName = ThaqalaynWidgets;
				INFOPLIST_KEY_NSHumanReadableCopyright = "";
				IPHONEOS_DEPLOYMENT_TARGET = 18.2;
				LD_RUNPATH_SEARCH_PATHS = (
					"$(inherited)",
					"@executable_path/Frameworks",
					"@executable_path/../../Frameworks",
				);
				MARKETING_VERSION = 8.5;
				PRODUCT_BUNDLE_IDENTIFIER = MAHR.Partner.Thaqalayn.ThaqalaynWidgets;
				PRODUCT_NAME = "$(TARGET_NAME)";
				SKIP_INSTALL = YES;
				STRING_CATALOG_GENERATE_SYMBOLS = YES;
				SWIFT_APPROACHABLE_CONCURRENCY = YES;
				SWIFT_EMIT_LOC_STRINGS = YES;
				SWIFT_UPCOMING_FEATURE_MEMBER_IMPORT_VISIBILITY = YES;
				SWIFT_VERSION = 5.0;
				TARGETED_DEVICE_FAMILY = "1,2";
			};
			name = Debug;
		};
		CD19C6B1302B97EC005B40C7 /* Release */ = {
			isa = XCBuildConfiguration;
			buildSettings = {
				ASSETCATALOG_COMPILER_GLOBAL_ACCENT_COLOR_NAME = AccentColor;
				ASSETCATALOG_COMPILER_WIDGET_BACKGROUND_COLOR_NAME = WidgetBackground;
				CODE_SIGN_ENTITLEMENTS = ThaqalaynWidgets/ThaqalaynWidgetsExtension.entitlements;
				CODE_SIGN_IDENTITY = "Apple Development";
				CODE_SIGN_STYLE = Automatic;
				CURRENT_PROJECT_VERSION = 105;
				DEVELOPMENT_TEAM = 2J2GCJ25MK;
				ENABLE_USER_SCRIPT_SANDBOXING = NO;
				GENERATE_INFOPLIST_FILE = YES;
				INFOPLIST_FILE = ThaqalaynWidgets/Info.plist;
				INFOPLIST_KEY_CFBundleDisplayName = ThaqalaynWidgets;
				INFOPLIST_KEY_NSHumanReadableCopyright = "";
				IPHONEOS_DEPLOYMENT_TARGET = 18.2;
				LD_RUNPATH_SEARCH_PATHS = (
					"$(inherited)",
					"@executable_path/Frameworks",
					"@executable_path/../../Frameworks",
				);
				MARKETING_VERSION = 8.5;
				PRODUCT_BUNDLE_IDENTIFIER = MAHR.Partner.Thaqalayn.ThaqalaynWidgets;
				PRODUCT_NAME = "$(TARGET_NAME)";
				SKIP_INSTALL = YES;
				STRING_CATALOG_GENERATE_SYMBOLS = YES;
				SWIFT_APPROACHABLE_CONCURRENCY = YES;
				SWIFT_EMIT_LOC_STRINGS = YES;
				SWIFT_UPCOMING_FEATURE_MEMBER_IMPORT_VISIBILITY = YES;
				SWIFT_VERSION = 5.0;
				TARGETED_DEVICE_FAMILY = "1,2";
			};
			name = Release;
		};
		CD19C6BF302B9826005B40C7 /* Debug */ = {
			isa = XCBuildConfiguration;
			buildSettings = {
				BUNDLE_LOADER = "$(TEST_HOST)";
				CODE_SIGN_STYLE = Automatic;
				CURRENT_PROJECT_VERSION = 1;
				DEVELOPMENT_TEAM = 2J2GCJ25MK;
				GENERATE_INFOPLIST_FILE = YES;
				IPHONEOS_DEPLOYMENT_TARGET = 18.2;
				MARKETING_VERSION = 1.0;
				PRODUCT_BUNDLE_IDENTIFIER = MAHR.Partner.Thaqalayn.ThaqalaynTests;
				PRODUCT_NAME = "$(TARGET_NAME)";
				STRING_CATALOG_GENERATE_SYMBOLS = NO;
				SWIFT_APPROACHABLE_CONCURRENCY = YES;
				SWIFT_EMIT_LOC_STRINGS = NO;
				SWIFT_UPCOMING_FEATURE_MEMBER_IMPORT_VISIBILITY = YES;
				SWIFT_VERSION = 5.0;
				TARGETED_DEVICE_FAMILY = "1,2";
				TEST_HOST = "$(BUILT_PRODUCTS_DIR)/Thaqalayn.app/$(BUNDLE_EXECUTABLE_FOLDER_PATH)/Thaqalayn";
			};
			name = Debug;
		};
		CD19C6C0302B9826005B40C7 /* Release */ = {
			isa = XCBuildConfiguration;
			buildSettings = {
				BUNDLE_LOADER = "$(TEST_HOST)";
				CODE_SIGN_STYLE = Automatic;
				CURRENT_PROJECT_VERSION = 1;
				DEVELOPMENT_TEAM = 2J2GCJ25MK;
				GENERATE_INFOPLIST_FILE = YES;
				IPHONEOS_DEPLOYMENT_TARGET = 18.2;
				MARKETING_VERSION = 1.0;
				PRODUCT_BUNDLE_IDENTIFIER = MAHR.Partner.Thaqalayn.ThaqalaynTests;
				PRODUCT_NAME = "$(TARGET_NAME)";
				STRING_CATALOG_GENERATE_SYMBOLS = NO;
				SWIFT_APPROACHABLE_CONCURRENCY = YES;
				SWIFT_EMIT_LOC_STRINGS = NO;
				SWIFT_UPCOMING_FEATURE_MEMBER_IMPORT_VISIBILITY = YES;
				SWIFT_VERSION = 5.0;
				TARGETED_DEVICE_FAMILY = "1,2";
				TEST_HOST = "$(BUILT_PRODUCTS_DIR)/Thaqalayn.app/$(BUNDLE_EXECUTABLE_FOLDER_PATH)/Thaqalayn";
			};
			name = Release;
		};
/* End XCBuildConfiguration section */

/* Begin XCConfigurationList section */
		73E0BC0A2E3D3AB900E517DE /* Build configuration list for PBXProject "Thaqalayn" */ = {
			isa = XCConfigurationList;
			buildConfigurations = (
				73E0BC1B2E3D3ABB00E517DE /* Debug */,
				73E0BC1C2E3D3ABB00E517DE /* Release */,
			);
			defaultConfigurationIsVisible = 0;
			defaultConfigurationName = Release;
		};
		73E0BC1D2E3D3ABB00E517DE /* Build configuration list for PBXNativeTarget "Thaqalayn" */ = {
			isa = XCConfigurationList;
			buildConfigurations = (
				73E0BC1E2E3D3ABB00E517DE /* Debug */,
				73E0BC1F2E3D3ABB00E517DE /* Release */,
			);
			defaultConfigurationIsVisible = 0;
			defaultConfigurationName = Release;
		};
		CD19C6AF302B97EC005B40C7 /* Build configuration list for PBXNativeTarget "ThaqalaynWidgetsExtension" */ = {
			isa = XCConfigurationList;
			buildConfigurations = (
				CD19C6B0302B97EC005B40C7 /* Debug */,
				CD19C6B1302B97EC005B40C7 /* Release */,
			);
			defaultConfigurationIsVisible = 0;
			defaultConfigurationName = Release;
		};
		CD19C6BE302B9826005B40C7 /* Build configuration list for PBXNativeTarget "ThaqalaynTests" */ = {
			isa = XCConfigurationList;
			buildConfigurations = (
				CD19C6BF302B9826005B40C7 /* Debug */,
				CD19C6C0302B9826005B40C7 /* Release */,
			);
			defaultConfigurationIsVisible = 0;
			defaultConfigurationName = Release;
		};
/* End XCConfigurationList section */

/* Begin XCRemoteSwiftPackageReference section */
		73E0BC212E3D3ABB00E517DE /* XCRemoteSwiftPackageReference "supabase-swift" */ = {
			isa = XCRemoteSwiftPackageReference;
			repositoryURL = "https://github.com/supabase/supabase-swift.git";
			requirement = {
				kind = upToNextMajorVersion;
				minimumVersion = 2.5.1;
			};
		};
		AD4A20260000000000000003 /* XCRemoteSwiftPackageReference "adhan-swift" */ = {
			isa = XCRemoteSwiftPackageReference;
			repositoryURL = "https://github.com/batoulapps/adhan-swift";
			requirement = {
				kind = upToNextMajorVersion;
				minimumVersion = 1.5.0;
			};
		};
/* End XCRemoteSwiftPackageReference section */

/* Begin XCSwiftPackageProductDependency section */
		73E0BC202E3D3ABB00E517DE /* Supabase */ = {
			isa = XCSwiftPackageProductDependency;
			package = 73E0BC212E3D3ABB00E517DE /* XCRemoteSwiftPackageReference "supabase-swift" */;
			productName = Supabase;
		};
		AD4A20260000000000000004 /* Adhan */ = {
			isa = XCSwiftPackageProductDependency;
			package = AD4A20260000000000000003 /* XCRemoteSwiftPackageReference "adhan-swift" */;
			productName = Adhan;
		};
		AD4A20260000000000000005 /* Adhan */ = {
			isa = XCSwiftPackageProductDependency;
			package = AD4A20260000000000000003 /* XCRemoteSwiftPackageReference "adhan-swift" */;
			productName = Adhan;
		};
/* End XCSwiftPackageProductDependency section */
	};
	rootObject = 73E0BC072E3D3AB900E517DE /* Project object */;
}
